{
  "name": "cxvh-cli-test",
  "version": "0.0.1",
  "lockfileVersion": 1,
  "requires": true,
  "dependencies": {
    "cxvh-cli-test-lib": {
      "version": "1.0.0",
      "dependencies": {
        "cxvh-cli-test-lib": {
          "dependencies": {
            "cxvh-cli-test-lib": {
              "dependencies": {}
            }
          }
        }
      }
    }
  }
}
